
Microsoft Visual Studio Solution File, Format Version 12.00
# Visual Studio Version 17
VisualStudioVersion = 17.4.33213.308
MinimumVisualStudioVersion = 10.0.40219.1
Project("{FAE04EC0-301F-11D3-BF4B-00C04F79EFBC}") = "DataNLog", "DataNLog\DataNLog.csproj", "{3144990A-DFBD-4BE8-800E-570A26E23167}"
EndProject
Global
	GlobalSection(SolutionConfigurationPlatforms) = preSolution
		Debug|Any CPU = Debug|Any CPU
		Release|Any CPU = Release|Any CPU
	EndGlobalSection
	GlobalSection(ProjectConfigurationPlatforms) = postSolution
		{3144990A-DFBD-4BE8-800E-570A26E23167}.Debug|Any CPU.ActiveCfg = Debug|Any CPU
		{3144990A-DFBD-4BE8-800E-570A26E23167}.Debug|Any CPU.Build.0 = Debug|Any CPU
		{3144990A-DFBD-4BE8-800E-570A26E23167}.Release|Any CPU.ActiveCfg = Release|Any CPU
		{3144990A-DFBD-4BE8-800E-570A26E23167}.Release|Any CPU.Build.0 = Release|Any CPU
	EndGlobalSection
	GlobalSection(SolutionProperties) = preSolution
		HideSolutionNode = FALSE
	EndGlobalSection
	GlobalSection(ExtensibilityGlobals) = postSolution
		SolutionGuid = {45449681-D4A3-499B-80D1-F02B3DB09BDA}
	EndGlobalSection
EndGlobal
